// !$*UTF8*$!
{
	archiveVersion = 1;
	classes = {
	};
	objectVersion = 51;
	objects = {

/* Begin PBXBuildFile section */
		2F53D1FE3092EDB143EEFAA5 /* Pods_DodleDodleTests.framework in Frameworks */ = {isa = PBXBuildFile; fileRef = B37C238D6B1CAF93F7311754 /* Pods_DodleDodleTests.framework */; };
		3C43886627B79F6700DB85F1 /* Extension.swift in Sources */ = {isa = PBXBuildFile; fileRef = 3C43886527B79F6700DB85F1 /* Extension.swift */; };
		3C8E142227B7CDE400AD970F /* lf30_editor_ogwlss9s.json in Resources */ = {isa = PBXBuildFile; fileRef = 3C8E142127B7CDE400AD970F /* lf30_editor_ogwlss9s.json */; };
		3CE797A327B782A8000BD9D5 /* AppDelegate.swift in Sources */ = {isa = PBXBuildFile; fileRef = 3CE797A227B782A8000BD9D5 /* AppDelegate.swift */; };
		3CE797A527B782A8000BD9D5 /* SceneDelegate.swift in Sources */ = {isa = PBXBuildFile; fileRef = 3CE797A427B782A8000BD9D5 /* SceneDelegate.swift */; };
		3CE797A727B782A8000BD9D5 /* LoginVC.swift in Sources */ = {isa = PBXBuildFile; fileRef = 3CE797A627B782A8000BD9D5 /* LoginVC.swift */; };
		3CE797AA27B782A8000BD9D5 /* Main.storyboard in Resources */ = {isa = PBXBuildFile; fileRef = 3CE797A827B782A8000BD9D5 /* Main.storyboard */; };
		3CE797AC27B782B5000BD9D5 /* Assets.xcassets in Resources */ = {isa = PBXBuildFile; fileRef = 3CE797AB27B782B5000BD9D5 /* Assets.xcassets */; };
		3CE797AF27B782B5000BD9D5 /* LaunchScreen.storyboard in Resources */ = {isa = PBXBuildFile; fileRef = 3CE797AD27B782B5000BD9D5 /* LaunchScreen.storyboard */; };
		3CE797BA27B782B6000BD9D5 /* DodleDodleTests.swift in Sources */ = {isa = PBXBuildFile; fileRef = 3CE797B927B782B6000BD9D5 /* DodleDodleTests.swift */; };
		3CE797C527B782B6000BD9D5 /* DodleDodleUITests.swift in Sources */ = {isa = PBXBuildFile; fileRef = 3CE797C427B782B6000BD9D5 /* DodleDodleUITests.swift */; };
		6240C4882AA19B2360215A37 /* Pods_DodleDodle_DodleDodleUITests.framework in Frameworks */ = {isa = PBXBuildFile; fileRef = 95BDC5288BEDAE5FFF7BC559 /* Pods_DodleDodle_DodleDodleUITests.framework */; };
		C25C9508EE2A9773324816E8 /* Pods_DodleDodle.framework in Frameworks */ = {isa = PBXBuildFile; fileRef = 8EF9B87AD21FEDBC15DE6261 /* Pods_DodleDodle.framework */; };
/* End PBXBuildFile section */

/* Begin PBXContainerItemProxy section */
		3CE797B627B782B6000BD9D5 /* PBXContainerItemProxy */ = {
			isa = PBXContainerItemProxy;
			containerPortal = 3CE7979727B782A8000BD9D5 /* Project object */;
			proxyType = 1;
			remoteGlobalIDString = 3CE7979E27B782A8000BD9D5;
			remoteInfo = DodleDodle;
		};
		3CE797C127B782B6000BD9D5 /* PBXContainerItemProxy */ = {
			isa = PBXContainerItemProxy;
			containerPortal = 3CE7979727B782A8000BD9D5 /* Project object */;
			proxyType = 1;
			remoteGlobalIDString = 3CE7979E27B782A8000BD9D5;
			remoteInfo = DodleDodle;
		};
/* End PBXContainerItemProxy section */

/* Begin PBXFileReference section */
		31DD2D541D76BDCB072C8F41 /* Pods-DodleDodle.debug.xcconfig */ = {isa = PBXFileReference; includeInIndex = 1; lastKnownFileType = text.xcconfig; name = "Pods-DodleDodle.debug.xcconfig"; path = "Target Support Files/Pods-DodleDodle/Pods-DodleDodle.debug.xcconfig"; sourceTree = "<group>"; };
		3C43886527B79F6700DB85F1 /* Extension.swift */ = {isa = PBXFileReference; lastKnownFileType = sourcecode.swift; path = Extension.swift; sourceTree = "<group>"; };
		3C8E142127B7CDE400AD970F /* lf30_editor_ogwlss9s.json */ = {isa = PBXFileReference; fileEncoding = 4; lastKnownFileType = text.json; path = lf30_editor_ogwlss9s.json; sourceTree = "<group>"; };
		3CE7979F27B782A8000BD9D5 /* DodleDodle.app */ = {isa = PBXFileReference; explicitFileType = wrapper.application; includeInIndex = 0; path = DodleDodle.app; sourceTree = BUILT_PRODUCTS_DIR; };
		3CE797A227B782A8000BD9D5 /* AppDelegate.swift */ = {isa = PBXFileReference; lastKnownFileType = sourcecode.swift; path = AppDelegate.swift; sourceTree = "<group>"; };
		3CE797A427B782A8000BD9D5 /* SceneDelegate.swift */ = {isa = PBXFileReference; lastKnownFileType = sourcecode.swift; path = SceneDelegate.swift; sourceTree = "<group>"; };
		3CE797A627B782A8000BD9D5 /* LoginVC.swift */ = {isa = PBXFileReference; lastKnownFileType = sourcecode.swift; path = LoginVC.swift; sourceTree = "<group>"; };
		3CE797A927B782A8000BD9D5 /* Base */ = {isa = PBXFileReference; lastKnownFileType = file.storyboard; name = Base; path = Base.lproj/Main.storyboard; sourceTree = "<group>"; };
		3CE797AB27B782B5000BD9D5 /* Assets.xcassets */ = {isa = PBXFileReference; lastKnownFileType = folder.assetcatalog; path = Assets.xcassets; sourceTree = "<group>"; };
		3CE797AE27B782B5000BD9D5 /* Base */ = {isa = PBXFileReference; lastKnownFileType = file.storyboard; name = Base; path = Base.lproj/LaunchScreen.storyboard; sourceTree = "<group>"; };
		3CE797B027B782B5000BD9D5 /* Info.plist */ = {isa = PBXFileReference; lastKnownFileType = text.plist.xml; path = Info.plist; sourceTree = "<group>"; };
		3CE797B527B782B6000BD9D5 /* DodleDodleTests.xctest */ = {isa = PBXFileReference; explicitFileType = wrapper.cfbundle; includeInIndex = 0; path = DodleDodleTests.xctest; sourceTree = BUILT_PRODUCTS_DIR; };
		3CE797B927B782B6000BD9D5 /* DodleDodleTests.swift */ = {isa = PBXFileReference; lastKnownFileType = sourcecode.swift; path = DodleDodleTests.swift; sourceTree = "<group>"; };
		3CE797BB27B782B6000BD9D5 /* Info.plist */ = {isa = PBXFileReference; lastKnownFileType = text.plist.xml; path = Info.plist; sourceTree = "<group>"; };
		3CE797C027B782B6000BD9D5 /* DodleDodleUITests.xctest */ = {isa = PBXFileReference; explicitFileType = wrapper.cfbundle; includeInIndex = 0; path = DodleDodleUITests.xctest; sourceTree = BUILT_PRODUCTS_DIR; };
		3CE797C427B782B6000BD9D5 /* DodleDodleUITests.swift */ = {isa = PBXFileReference; lastKnownFileType = sourcecode.swift; path = DodleDodleUITests.swift; sourceTree = "<group>"; };
		3CE797C627B782B6000BD9D5 /* Info.plist */ = {isa = PBXFileReference; lastKnownFileType = text.plist.xml; path = Info.plist; sourceTree = "<group>"; };
		70DD4FE1AAF74F2F8E2480B8 /* Pods-DodleDodleTests.debug.xcconfig */ = {isa = PBXFileReference; includeInIndex = 1; lastKnownFileType = text.xcconfig; name = "Pods-DodleDodleTests.debug.xcconfig"; path = "Target Support Files/Pods-DodleDodleTests/Pods-DodleDodleTests.debug.xcconfig"; sourceTree = "<group>"; };
		884CCEDC34611AF316DD9925 /* Pods-DodleDodle.release.xcconfig */ = {isa = PBXFileReference; includeInIndex = 1; lastKnownFileType = text.xcconfig; name = "Pods-DodleDodle.release.xcconfig"; path = "Target Support Files/Pods-DodleDodle/Pods-DodleDodle.release.xcconfig"; sourceTree = "<group>"; };
		8EF9B87AD21FEDBC15DE6261 /* Pods_DodleDodle.framework */ = {isa = PBXFileReference; explicitFileType = wrapper.framework; includeInIndex = 0; path = Pods_DodleDodle.framework; sourceTree = BUILT_PRODUCTS_DIR; };
		95BDC5288BEDAE5FFF7BC559 /* Pods_DodleDodle_DodleDodleUITests.framework */ = {isa = PBXFileReference; explicitFileType = wrapper.framework; includeInIndex = 0; path = Pods_DodleDodle_DodleDodleUITests.framework; sourceTree = BUILT_PRODUCTS_DIR; };
		9F01FBDFC6A3A85CBEC5130A /* Pods-DodleDodle-DodleDodleUITests.debug.xcconfig */ = {isa = PBXFileReference; includeInIndex = 1; lastKnownFileType = text.xcconfig; name = "Pods-DodleDodle-DodleDodleUITests.debug.xcconfig"; path = "Target Support Files/Pods-DodleDodle-DodleDodleUITests/Pods-DodleDodle-DodleDodleUITests.debug.xcconfig"; sourceTree = "<group>"; };
		B37C238D6B1CAF93F7311754 /* Pods_DodleDodleTests.framework */ = {isa = PBXFileReference; explicitFileType = wrapper.framework; includeInIndex = 0; path = Pods_DodleDodleTests.framework; sourceTree = BUILT_PRODUCTS_DIR; };
		C278BDF95AC58E1C1642AFBD /* Pods-DodleDodleTests.release.xcconfig */ = {isa = PBXFileReference; includeInIndex = 1; lastKnownFileType = text.xcconfig; name = "Pods-DodleDodleTests.release.xcconfig"; path = "Target Support Files/Pods-DodleDodleTests/Pods-DodleDodleTests.release.xcconfig"; sourceTree = "<group>"; };
		D26B317367B9C4B7CBE996C3 /* Pods-DodleDodle-DodleDodleUITests.release.xcconfig */ = {isa = PBXFileReference; includeInIndex = 1; lastKnownFileType = text.xcconfig; name = "Pods-DodleDodle-DodleDodleUITests.release.xcconfig"; path = "Target Support Files/Pods-DodleDodle-DodleDodleUITests/Pods-DodleDodle-DodleDodleUITests.release.xcconfig"; sourceTree = "<group>"; };
/* End PBXFileReference section */

/* Begin PBXFrameworksBuildPhase section */
		3CE7979C27B782A8000BD9D5 /* Frameworks */ = {
			isa = PBXFrameworksBuildPhase;
			buildActionMask = 2147483647;
			files = (
				C25C9508EE2A9773324816E8 /* Pods_DodleDodle.framework in Frameworks */,
			);
			runOnlyForDeploymentPostprocessing = 0;
		};
		3CE797B227B782B6000BD9D5 /* Frameworks */ = {
			isa = PBXFrameworksBuildPhase;
			buildActionMask = 2147483647;
			files = (
				2F53D1FE3092EDB143EEFAA5 /* Pods_DodleDodleTests.framework in Frameworks */,
			);
			runOnlyForDeploymentPostprocessing = 0;
		};
		3CE797BD27B782B6000BD9D5 /* Frameworks */ = {
			isa = PBXFrameworksBuildPhase;
			buildActionMask = 2147483647;
			files = (
				6240C4882AA19B2360215A37 /* Pods_DodleDodle_DodleDodleUITests.framework in Frameworks */,
			);
			runOnlyForDeploymentPostprocessing = 0;
		};
/* End PBXFrameworksBuildPhase section */

/* Begin PBXGroup section */
		3C43886A27B79F6F00DB85F1 /* View */ = {
			isa = PBXGroup;
			children = (
				3CE797A627B782A8000BD9D5 /* LoginVC.swift */,
			);
			path = View;
			sourceTree = "<group>";
		};
		3CE7979627B782A8000BD9D5 = {
			isa = PBXGroup;
			children = (
				3CE797A127B782A8000BD9D5 /* DodleDodle */,
				3CE797B827B782B6000BD9D5 /* DodleDodleTests */,
				3CE797C327B782B6000BD9D5 /* DodleDodleUITests */,
				3CE797A027B782A8000BD9D5 /* Products */,
				E1F5FB763D935E138738E031 /* Pods */,
				BE385C83C423034128E4BC3C /* Frameworks */,
			);
			sourceTree = "<group>";
		};
		3CE797A027B782A8000BD9D5 /* Products */ = {
			isa = PBXGroup;
			children = (
				3CE7979F27B782A8000BD9D5 /* DodleDodle.app */,
				3CE797B527B782B6000BD9D5 /* DodleDodleTests.xctest */,
				3CE797C027B782B6000BD9D5 /* DodleDodleUITests.xctest */,
			);
			name = Products;
			sourceTree = "<group>";
		};
		3CE797A127B782A8000BD9D5 /* DodleDodle */ = {
			isa = PBXGroup;
			children = (
				3CE797A227B782A8000BD9D5 /* AppDelegate.swift */,
				3CE797A427B782A8000BD9D5 /* SceneDelegate.swift */,
				3C43886527B79F6700DB85F1 /* Extension.swift */,
				3C8E142127B7CDE400AD970F /* lf30_editor_ogwlss9s.json */,
				3C43886A27B79F6F00DB85F1 /* View */,
				3CE797A827B782A8000BD9D5 /* Main.storyboard */,
				3CE797AB27B782B5000BD9D5 /* Assets.xcassets */,
				3CE797AD27B782B5000BD9D5 /* LaunchScreen.storyboard */,
				3CE797B027B782B5000BD9D5 /* Info.plist */,
			);
			path = DodleDodle;
			sourceTree = "<group>";
		};
		3CE797B827B782B6000BD9D5 /* DodleDodleTests */ = {
			isa = PBXGroup;
			children = (
				3CE797B927B782B6000BD9D5 /* DodleDodleTests.swift */,
				3CE797BB27B782B6000BD9D5 /* Info.plist */,
			);
			path = DodleDodleTests;
			sourceTree = "<group>";
		};
		3CE797C327B782B6000BD9D5 /* DodleDodleUITests */ = {
			isa = PBXGroup;
			children = (
				3CE797C427B782B6000BD9D5 /* DodleDodleUITests.swift */,
				3CE797C627B782B6000BD9D5 /* Info.plist */,
			);
			path = DodleDodleUITests;
			sourceTree = "<group>";
		};
		BE385C83C423034128E4BC3C /* Frameworks */ = {
			isa = PBXGroup;
			children = (
				8EF9B87AD21FEDBC15DE6261 /* Pods_DodleDodle.framework */,
				95BDC5288BEDAE5FFF7BC559 /* Pods_DodleDodle_DodleDodleUITests.framework */,
				B37C238D6B1CAF93F7311754 /* Pods_DodleDodleTests.framework */,
			);
			name = Frameworks;
			sourceTree = "<group>";
		};
		E1F5FB763D935E138738E031 /* Pods */ = {
			isa = PBXGroup;
			children = (
				31DD2D541D76BDCB072C8F41 /* Pods-DodleDodle.debug.xcconfig */,
				884CCEDC34611AF316DD9925 /* Pods-DodleDodle.release.xcconfig */,
				9F01FBDFC6A3A85CBEC5130A /* Pods-DodleDodle-DodleDodleUITests.debug.xcconfig */,
				D26B317367B9C4B7CBE996C3 /* Pods-DodleDodle-DodleDodleUITests.release.xcconfig */,
				70DD4FE1AAF74F2F8E2480B8 /* Pods-DodleDodleTests.debug.xcconfig */,
				C278BDF95AC58E1C1642AFBD /* Pods-DodleDodleTests.release.xcconfig */,
			);
			path = Pods;
			sourceTree = "<group>";
		};
/* End PBXGroup section */

/* Begin PBXNativeTarget section */
		3CE7979E27B782A8000BD9D5 /* DodleDodle */ = {
			isa = PBXNativeTarget;
			buildConfigurationList = 3CE797C927B782B6000BD9D5 /* Build configuration list for PBXNativeTarget "DodleDodle" */;
			buildPhases = (
				EEDDDBF875E1B8F7FCA33E9C /* [CP] Check Pods Manifest.lock */,
				3CE7979B27B782A8000BD9D5 /* Sources */,
				3CE7979C27B782A8000BD9D5 /* Frameworks */,
				3CE7979D27B782A8000BD9D5 /* Resources */,
				CA96325E196B2057F0C69526 /* [CP] Embed Pods Frameworks */,
			);
			buildRules = (
			);
			dependencies = (
			);
			name = DodleDodle;
			productName = DodleDodle;
			productReference = 3CE7979F27B782A8000BD9D5 /* DodleDodle.app */;
			productType = "com.apple.product-type.application";
		};
		3CE797B427B782B6000BD9D5 /* DodleDodleTests */ = {
			isa = PBXNativeTarget;
			buildConfigurationList = 3CE797CC27B782B6000BD9D5 /* Build configuration list for PBXNativeTarget "DodleDodleTests" */;
			buildPhases = (
				AF951CC469CD2D20618646A3 /* [CP] Check Pods Manifest.lock */,
				3CE797B127B782B6000BD9D5 /* Sources */,
				3CE797B227B782B6000BD9D5 /* Frameworks */,
				3CE797B327B782B6000BD9D5 /* Resources */,
			);
			buildRules = (
			);
			dependencies = (
				3CE797B727B782B6000BD9D5 /* PBXTargetDependency */,
			);
			name = DodleDodleTests;
			productName = DodleDodleTests;
			productReference = 3CE797B527B782B6000BD9D5 /* DodleDodleTests.xctest */;
			productType = "com.apple.product-type.bundle.unit-test";
		};
		3CE797BF27B782B6000BD9D5 /* DodleDodleUITests */ = {
			isa = PBXNativeTarget;
			buildConfigurationList = 3CE797CF27B782B6000BD9D5 /* Build configuration list for PBXNativeTarget "DodleDodleUITests" */;
			buildPhases = (
				E2B47EEC07BF6D82611D5B18 /* [CP] Check Pods Manifest.lock */,
				3CE797BC27B782B6000BD9D5 /* Sources */,
				3CE797BD27B782B6000BD9D5 /* Frameworks */,
				3CE797BE27B782B6000BD9D5 /* Resources */,
				D72CBCC1DD93BD3088D02F11 /* [CP] Embed Pods Frameworks */,
			);
			buildRules = (
			);
			dependencies = (
				3CE797C227B782B6000BD9D5 /* PBXTargetDependency */,
			);
			name = DodleDodleUITests;
			productName = DodleDodleUITests;
			productReference = 3CE797C027B782B6000BD9D5 /* DodleDodleUITests.xctest */;
			productType = "com.apple.product-type.bundle.ui-testing";
		};
/* End PBXNativeTarget section */

/* Begin PBXProject section */
		3CE7979727B782A8000BD9D5 /* Project object */ = {
			isa = PBXProject;
			attributes = {
				LastSwiftUpdateCheck = 1240;
				LastUpgradeCheck = 1240;
				TargetAttributes = {
					3CE7979E27B782A8000BD9D5 = {
						CreatedOnToolsVersion = 12.4;
					};
					3CE797B427B782B6000BD9D5 = {
						CreatedOnToolsVersion = 12.4;
						TestTargetID = 3CE7979E27B782A8000BD9D5;
					};
					3CE797BF27B782B6000BD9D5 = {
						CreatedOnToolsVersion = 12.4;
						TestTargetID = 3CE7979E27B782A8000BD9D5;
					};
				};
			};
			buildConfigurationList = 3CE7979A27B782A8000BD9D5 /* Build configuration list for PBXProject "DodleDodle" */;
			compatibilityVersion = "Xcode 9.3";
			developmentRegion = en;
			hasScannedForEncodings = 0;
			knownRegions = (
				en,
				Base,
			);
			mainGroup = 3CE7979627B782A8000BD9D5;
			productRefGroup = 3CE797A027B782A8000BD9D5 /* Products */;
			projectDirPath = "";
			projectRoot = "";
			targets = (
				3CE7979E27B782A8000BD9D5 /* DodleDodle */,
				3CE797B427B782B6000BD9D5 /* DodleDodleTests */,
				3CE797BF27B782B6000BD9D5 /* DodleDodleUITests */,
			);
		};
/* End PBXProject section */

/* Begin PBXResourcesBuildPhase section */
		3CE7979D27B782A8000BD9D5 /* Resources */ = {
			isa = PBXResourcesBuildPhase;
			buildActionMask = 2147483647;
			files = (
				3CE797AF27B782B5000BD9D5 /* LaunchScreen.storyboard in Resources */,
				3CE797AC27B782B5000BD9D5 /* Assets.xcassets in Resources */,
				3C8E142227B7CDE400AD970F /* lf30_editor_ogwlss9s.json in Resources */,
				3CE797AA27B782A8000BD9D5 /* Main.storyboard in Resources */,
			);
			runOnlyForDeploymentPostprocessing = 0;
		};
		3CE797B327B782B6000BD9D5 /* Resources */ = {
			isa = PBXResourcesBuildPhase;
			buildActionMask = 2147483647;
			files = (
			);
			runOnlyForDeploymentPostprocessing = 0;
		};
		3CE797BE27B782B6000BD9D5 /* Resources */ = {
			isa = PBXResourcesBuildPhase;
			buildActionMask = 2147483647;
			files = (
			);
			runOnlyForDeploymentPostprocessing = 0;
		};
/* End PBXResourcesBuildPhase section */

/* Begin PBXShellScriptBuildPhase section */
		AF951CC469CD2D20618646A3 /* [CP] Check Pods Manifest.lock */ = {
			isa = PBXShellScriptBuildPhase;
			buildActionMask = 2147483647;
			files = (
			);
			inputFileListPaths = (
			);
			inputPaths = (
				"${PODS_PODFILE_DIR_PATH}/Podfile.lock",
				"${PODS_ROOT}/Manifest.lock",
			);
			name = "[CP] Check Pods Manifest.lock";
			outputFileListPaths = (
			);
			outputPaths = (
				"$(DERIVED_FILE_DIR)/Pods-DodleDodleTests-checkManifestLockResult.txt",
			);
			runOnlyForDeploymentPostprocessing = 0;
			shellPath = /bin/sh;
			shellScript = "diff \"${PODS_PODFILE_DIR_PATH}/Podfile.lock\" \"${PODS_ROOT}/Manifest.lock\" > /dev/null\nif [ $? != 0 ] ; then\n    # print error to STDERR\n    echo \"error: The sandbox is not in sync with the Podfile.lock. Run 'pod install' or update your CocoaPods installation.\" >&2\n    exit 1\nfi\n# This output is used by Xcode 'outputs' to avoid re-running this script phase.\necho \"SUCCESS\" > \"${SCRIPT_OUTPUT_FILE_0}\"\n";
			showEnvVarsInLog = 0;
		};
		CA96325E196B2057F0C69526 /* [CP] Embed Pods Frameworks */ = {
			isa = PBXShellScriptBuildPhase;
			buildActionMask = 2147483647;
			files = (
			);
			inputFileListPaths = (
				"${PODS_ROOT}/Target Support Files/Pods-DodleDodle/Pods-DodleDodle-frameworks-${CONFIGURATION}-input-files.xcfilelist",
			);
			name = "[CP] Embed Pods Frameworks";
			outputFileListPaths = (
				"${PODS_ROOT}/Target Support Files/Pods-DodleDodle/Pods-DodleDodle-frameworks-${CONFIGURATION}-output-files.xcfilelist",
			);
			runOnlyForDeploymentPostprocessing = 0;
			shellPath = /bin/sh;
			shellScript = "\"${PODS_ROOT}/Target Support Files/Pods-DodleDodle/Pods-DodleDodle-frameworks.sh\"\n";
			showEnvVarsInLog = 0;
		};
		D72CBCC1DD93BD3088D02F11 /* [CP] Embed Pods Frameworks */ = {
			isa = PBXShellScriptBuildPhase;
			buildActionMask = 2147483647;
			files = (
			);
			inputFileListPaths = (
				"${PODS_ROOT}/Target Support Files/Pods-DodleDodle-DodleDodleUITests/Pods-DodleDodle-DodleDodleUITests-frameworks-${CONFIGURATION}-input-files.xcfilelist",
			);
			name = "[CP] Embed Pods Frameworks";
			outputFileListPaths = (
				"${PODS_ROOT}/Target Support Files/Pods-DodleDodle-DodleDodleUITests/Pods-DodleDodle-DodleDodleUITests-frameworks-${CONFIGURATION}-output-files.xcfilelist",
			);
			runOnlyForDeploymentPostprocessing = 0;
			shellPath = /bin/sh;
			shellScript = "\"${PODS_ROOT}/Target Support Files/Pods-DodleDodle-DodleDodleUITests/Pods-DodleDodle-DodleDodleUITests-frameworks.sh\"\n";
			showEnvVarsInLog = 0;
		};
		E2B47EEC07BF6D82611D5B18 /* [CP] Check Pods Manifest.lock */ = {
			isa = PBXShellScriptBuildPhase;
			buildActionMask = 2147483647;
			files = (
			);
			inputFileListPaths = (
			);
			inputPaths = (
				"${PODS_PODFILE_DIR_PATH}/Podfile.lock",
				"${PODS_ROOT}/Manifest.lock",
			);
			name = "[CP] Check Pods Manifest.lock";
			outputFileListPaths = (
			);
			outputPaths = (
				"$(DERIVED_FILE_DIR)/Pods-DodleDodle-DodleDodleUITests-checkManifestLockResult.txt",
			);
			runOnlyForDeploymentPostprocessing = 0;
			shellPath = /bin/sh;
			shellScript = "diff \"${PODS_PODFILE_DIR_PATH}/Podfile.lock\" \"${PODS_ROOT}/Manifest.lock\" > /dev/null\nif [ $? != 0 ] ; then\n    # print error to STDERR\n    echo \"error: The sandbox is not in sync with the Podfile.lock. Run 'pod install' or update your CocoaPods installation.\" >&2\n    exit 1\nfi\n# This output is used by Xcode 'outputs' to avoid re-running this script phase.\necho \"SUCCESS\" > \"${SCRIPT_OUTPUT_FILE_0}\"\n";
			showEnvVarsInLog = 0;
		};
		EEDDDBF875E1B8F7FCA33E9C /* [CP] Check Pods Manifest.lock */ = {
			isa = PBXShellScriptBuildPhase;
			buildActionMask = 2147483647;
			files = (
			);
			inputFileListPaths = (
			);
			inputPaths = (
				"${PODS_PODFILE_DIR_PATH}/Podfile.lock",
				"${PODS_ROOT}/Manifest.lock",
			);
			name = "[CP] Check Pods Manifest.lock";
			outputFileListPaths = (
			);
			outputPaths = (
				"$(DERIVED_FILE_DIR)/Pods-DodleDodle-checkManifestLockResult.txt",
			);
			runOnlyForDeploymentPostprocessing = 0;
			shellPath = /bin/sh;
			shellScript = "diff \"${PODS_PODFILE_DIR_PATH}/Podfile.lock\" \"${PODS_ROOT}/Manifest.lock\" > /dev/null\nif [ $? != 0 ] ; then\n    # print error to STDERR\n    echo \"error: The sandbox is not in sync with the Podfile.lock. Run 'pod install' or update your CocoaPods installation.\" >&2\n    exit 1\nfi\n# This output is used by Xcode 'outputs' to avoid re-running this script phase.\necho \"SUCCESS\" > \"${SCRIPT_OUTPUT_FILE_0}\"\n";
			showEnvVarsInLog = 0;
		};
/* End PBXShellScriptBuildPhase section */

/* Begin PBXSourcesBuildPhase section */
		3CE7979B27B782A8000BD9D5 /* Sources */ = {
			isa = PBXSourcesBuildPhase;
			buildActionMask = 2147483647;
			files = (
				3CE797A727B782A8000BD9D5 /* LoginVC.swift in Sources */,
				3CE797A327B782A8000BD9D5 /* AppDelegate.swift in Sources */,
				3CE797A527B782A8000BD9D5 /* SceneDelegate.swift in Sources */,
				3C43886627B79F6700DB85F1 /* Extension.swift in Sources */,
			);
			runOnlyForDeploymentPostprocessing = 0;
		};
		3CE797B127B782B6000BD9D5 /* Sources */ = {
			isa = PBXSourcesBuildPhase;
			buildActionMask = 2147483647;
			files = (
				3CE797BA27B782B6000BD9D5 /* DodleDodleTests.swift in Sources */,
			);
			runOnlyForDeploymentPostprocessing = 0;
		};
		3CE797BC27B782B6000BD9D5 /* Sources */ = {
			isa = PBXSourcesBuildPhase;
			buildActionMask = 2147483647;
			files = (
				3CE797C527B782B6000BD9D5 /* DodleDodleUITests.swift in Sources */,
			);
			runOnlyForDeploymentPostprocessing = 0;
		};
/* End PBXSourcesBuildPhase section */

/* Begin PBXTargetDependency section */
		3CE797B727B782B6000BD9D5 /* PBXTargetDependency */ = {
			isa = PBXTargetDependency;
			target = 3CE7979E27B782A8000BD9D5 /* DodleDodle */;
			targetProxy = 3CE797B627B782B6000BD9D5 /* PBXContainerItemProxy */;
		};
		3CE797C227B782B6000BD9D5 /* PBXTargetDependency */ = {
			isa = PBXTargetDependency;
			target = 3CE7979E27B782A8000BD9D5 /* DodleDodle */;
			targetProxy = 3CE797C127B782B6000BD9D5 /* PBXContainerItemProxy */;
		};
/* End PBXTargetDependency section */

/* Begin PBXVariantGroup section */
		3CE797A827B782A8000BD9D5 /* Main.storyboard */ = {
			isa = PBXVariantGroup;
			children = (
				3CE797A927B782A8000BD9D5 /* Base */,
			);
			name = Main.storyboard;
			sourceTree = "<group>";
		};
		3CE797AD27B782B5000BD9D5 /* LaunchScreen.storyboard */ = {
			isa = PBXVariantGroup;
			children = (
				3CE797AE27B782B5000BD9D5 /* Base */,
			);
			name = LaunchScreen.storyboard;
			sourceTree = "<group>";
		};
/* End PBXVariantGroup section */

/* Begin XCBuildConfiguration section */
		3CE797C727B782B6000BD9D5 /* Debug */ = {
			isa = XCBuildConfiguration;
			buildSettings = {
				ALWAYS_SEARCH_USER_PATHS = NO;
				CLANG_ANALYZER_NONNULL = YES;
				CLANG_ANALYZER_NUMBER_OBJECT_CONVERSION = YES_AGGRESSIVE;
				CLANG_CXX_LANGUAGE_STANDARD = "gnu++14";
				CLANG_CXX_LIBRARY = "libc++";
				CLANG_ENABLE_MODULES = YES;
				CLANG_ENABLE_OBJC_ARC = YES;
				CLANG_ENABLE_OBJC_WEAK = YES;
				CLANG_WARN_BLOCK_CAPTURE_AUTORELEASING = YES;
				CLANG_WARN_BOOL_CONVERSION = YES;
				CLANG_WARN_COMMA = YES;
				CLANG_WARN_CONSTANT_CONVERSION = YES;
				CLANG_WARN_DEPRECATED_OBJC_IMPLEMENTATIONS = YES;
				CLANG_WARN_DIRECT_OBJC_ISA_USAGE = YES_ERROR;
				CLANG_WARN_DOCUMENTATION_COMMENTS = YES;
				CLANG_WARN_EMPTY_BODY = YES;
				CLANG_WARN_ENUM_CONVERSION = YES;
				CLANG_WARN_INFINITE_RECURSION = YES;
				CLANG_WARN_INT_CONVERSION = YES;
				CLANG_WARN_NON_LITERAL_NULL_CONVERSION = YES;
				CLANG_WARN_OBJC_IMPLICIT_RETAIN_SELF = YES;
				CLANG_WARN_OBJC_LITERAL_CONVERSION = YES;
				CLANG_WARN_OBJC_ROOT_CLASS = YES_ERROR;
				CLANG_WARN_QUOTED_INCLUDE_IN_FRAMEWORK_HEADER = YES;
				CLANG_WARN_RANGE_LOOP_ANALYSIS = YES;
				CLANG_WARN_STRICT_PROTOTYPES = YES;
				CLANG_WARN_SUSPICIOUS_MOVE = YES;
				CLANG_WARN_UNGUARDED_AVAILABILITY = YES_AGGRESSIVE;
				CLANG_WARN_UNREACHABLE_CODE = YES;
				CLANG_WARN__DUPLICATE_METHOD_MATCH = YES;
				COPY_PHASE_STRIP = NO;
				DEBUG_INFORMATION_FORMAT = dwarf;
				ENABLE_STRICT_OBJC_MSGSEND = YES;
				ENABLE_TESTABILITY = YES;
				GCC_C_LANGUAGE_STANDARD = gnu11;
				GCC_DYNAMIC_NO_PIC = NO;
				GCC_NO_COMMON_BLOCKS = YES;
				GCC_OPTIMIZATION_LEVEL = 0;
				GCC_PREPROCESSOR_DEFINITIONS = (
					"DEBUG=1",
					"$(inherited)",
				);
				GCC_WARN_64_TO_32_BIT_CONVERSION = YES;
				GCC_WARN_ABOUT_RETURN_TYPE = YES_ERROR;
				GCC_WARN_UNDECLARED_SELECTOR = YES;
				GCC_WARN_UNINITIALIZED_AUTOS = YES_AGGRESSIVE;
				GCC_WARN_UNUSED_FUNCTION = YES;
				GCC_WARN_UNUSED_VARIABLE = YES;
				IPHONEOS_DEPLOYMENT_TARGET = 14.4;
				MTL_ENABLE_DEBUG_INFO = INCLUDE_SOURCE;
				MTL_FAST_MATH = YES;
				ONLY_ACTIVE_ARCH = YES;
				SDKROOT = iphoneos;
				SWIFT_ACTIVE_COMPILATION_CONDITIONS = DEBUG;
				SWIFT_OPTIMIZATION_LEVEL = "-Onone";
			};
			name = Debug;
		};
		3CE797C827B782B6000BD9D5 /* Release */ = {
			isa = XCBuildConfiguration;
			buildSettings = {
				ALWAYS_SEARCH_USER_PATHS = NO;
				CLANG_ANALYZER_NONNULL = YES;
				CLANG_ANALYZER_NUMBER_OBJECT_CONVERSION = YES_AGGRESSIVE;
				CLANG_CXX_LANGUAGE_STANDARD = "gnu++14";
				CLANG_CXX_LIBRARY = "libc++";
				CLANG_ENABLE_MODULES = YES;
				CLANG_ENABLE_OBJC_ARC = YES;
				CLANG_ENABLE_OBJC_WEAK = YES;
				CLANG_WARN_BLOCK_CAPTURE_AUTORELEASING = YES;
				CLANG_WARN_BOOL_CONVERSION = YES;
				CLANG_WARN_COMMA = YES;
				CLANG_WARN_CONSTANT_CONVERSION = YES;
				CLANG_WARN_DEPRECATED_OBJC_IMPLEMENTATIONS = YES;
				CLANG_WARN_DIRECT_OBJC_ISA_USAGE = YES_ERROR;
				CLANG_WARN_DOCUMENTATION_COMMENTS = YES;
				CLANG_WARN_EMPTY_BODY = YES;
				CLANG_WARN_ENUM_CONVERSION = YES;
				CLANG_WARN_INFINITE_RECURSION = YES;
				CLANG_WARN_INT_CONVERSION = YES;
				CLANG_WARN_NON_LITERAL_NULL_CONVERSION = YES;
				CLANG_WARN_OBJC_IMPLICIT_RETAIN_SELF = YES;
				CLANG_WARN_OBJC_LITERAL_CONVERSION = YES;
				CLANG_WARN_OBJC_ROOT_CLASS = YES_ERROR;
				CLANG_WARN_QUOTED_INCLUDE_IN_FRAMEWORK_HEADER = YES;
				CLANG_WARN_RANGE_LOOP_ANALYSIS = YES;
				CLANG_WARN_STRICT_PROTOTYPES = YES;
				CLANG_WARN_SUSPICIOUS_MOVE = YES;
				CLANG_WARN_UNGUARDED_AVAILABILITY = YES_AGGRESSIVE;
				CLANG_WARN_UNREACHABLE_CODE = YES;
				CLANG_WARN__DUPLICATE_METHOD_MATCH = YES;
				COPY_PHASE_STRIP = NO;
				DEBUG_INFORMATION_FORMAT = "dwarf-with-dsym";
				ENABLE_NS_ASSERTIONS = NO;
				ENABLE_STRICT_OBJC_MSGSEND = YES;
				GCC_C_LANGUAGE_STANDARD = gnu11;
				GCC_NO_COMMON_BLOCKS = YES;
				GCC_WARN_64_TO_32_BIT_CONVERSION = YES;
				GCC_WARN_ABOUT_RETURN_TYPE = YES_ERROR;
				GCC_WARN_UNDECLARED_SELECTOR = YES;
				GCC_WARN_UNINITIALIZED_AUTOS = YES_AGGRESSIVE;
				GCC_WARN_UNUSED_FUNCTION = YES;
				GCC_WARN_UNUSED_VARIABLE = YES;
				IPHONEOS_DEPLOYMENT_TARGET = 14.4;
				MTL_ENABLE_DEBUG_INFO = NO;
				MTL_FAST_MATH = YES;
				SDKROOT = iphoneos;
				SWIFT_COMPILATION_MODE = wholemodule;
				SWIFT_OPTIMIZATION_LEVEL = "-O";
				VALIDATE_PRODUCT = YES;
			};
			name = Release;
		};
		3CE797CA27B782B6000BD9D5 /* Debug */ = {
			isa = XCBuildConfiguration;
			baseConfigurationReference = 31DD2D541D76BDCB072C8F41 /* Pods-DodleDodle.debug.xcconfig */;
			buildSettings = {
				ASSETCATALOG_COMPILER_APPICON_NAME = AppIcon;
				ASSETCATALOG_COMPILER_GLOBAL_ACCENT_COLOR_NAME = AccentColor;
				CODE_SIGN_STYLE = Automatic;
				DEVELOPMENT_TEAM = GQF9DRKKG2;
				INFOPLIST_FILE = DodleDodle/Info.plist;
				LD_RUNPATH_SEARCH_PATHS = (
					"$(inherited)",
					"@executable_path/Frameworks",
				);
				PRODUCT_BUNDLE_IDENTIFIER = JINA.DodleDodle;
				PRODUCT_NAME = "$(TARGET_NAME)";
				SWIFT_VERSION = 5.0;
				TARGETED_DEVICE_FAMILY = "1,2";
			};
			name = Debug;
		};
		3CE797CB27B782B6000BD9D5 /* Release */ = {
			isa = XCBuildConfiguration;
			baseConfigurationReference = 884CCEDC34611AF316DD9925 /* Pods-DodleDodle.release.xcconfig */;
			buildSettings = {
				ASSETCATALOG_COMPILER_APPICON_NAME = AppIcon;
				ASSETCATALOG_COMPILER_GLOBAL_ACCENT_COLOR_NAME = AccentColor;
				CODE_SIGN_STYLE = Automatic;
				DEVELOPMENT_TEAM = GQF9DRKKG2;
				INFOPLIST_FILE = DodleDodle/Info.plist;
				LD_RUNPATH_SEARCH_PATHS = (
					"$(inherited)",
					"@executable_path/Frameworks",
				);
				PRODUCT_BUNDLE_IDENTIFIER = JINA.DodleDodle;
				PRODUCT_NAME = "$(TARGET_NAME)";
				SWIFT_VERSION = 5.0;
				TARGETED_DEVICE_FAMILY = "1,2";
			};
			name = Release;
		};
		3CE797CD27B782B6000BD9D5 /* Debug */ = {
			isa = XCBuildConfiguration;
			baseConfigurationReference = 70DD4FE1AAF74F2F8E2480B8 /* Pods-DodleDodleTests.debug.xcconfig */;
			buildSettings = {
				ALWAYS_EMBED_SWIFT_STANDARD_LIBRARIES = YES;
				BUNDLE_LOADER = "$(TEST_HOST)";
				CODE_SIGN_STYLE = Automatic;
				DEVELOPMENT_TEAM = GQF9DRKKG2;
				INFOPLIST_FILE = DodleDodleTests/Info.plist;
				IPHONEOS_DEPLOYMENT_TARGET = 14.4;
				LD_RUNPATH_SEARCH_PATHS = (
					"$(inherited)",
					"@executable_path/Frameworks",
					"@loader_path/Frameworks",
				);
				PRODUCT_BUNDLE_IDENTIFIER = JINA.DodleDodleTests;
				PRODUCT_NAME = "$(TARGET_NAME)";
				SWIFT_VERSION = 5.0;
				TARGETED_DEVICE_FAMILY = "1,2";
				TEST_HOST = "$(BUILT_PRODUCTS_DIR)/DodleDodle.app/DodleDodle";
			};
			name = Debug;
		};
		3CE797CE27B782B6000BD9D5 /* Release */ = {
			isa = XCBuildConfiguration;
			baseConfigurationReference = C278BDF95AC58E1C1642AFBD /* Pods-DodleDodleTests.release.xcconfig */;
			buildSettings = {
				ALWAYS_EMBED_SWIFT_STANDARD_LIBRARIES = YES;
				BUNDLE_LOADER = "$(TEST_HOST)";
				CODE_SIGN_STYLE = Automatic;
				DEVELOPMENT_TEAM = GQF9DRKKG2;
				INFOPLIST_FILE = DodleDodleTests/Info.plist;
				IPHONEOS_DEPLOYMENT_TARGET = 14.4;
				LD_RUNPATH_SEARCH_PATHS = (
					"$(inherited)",
					"@executable_path/Frameworks",
					"@loader_path/Frameworks",
				);
				PRODUCT_BUNDLE_IDENTIFIER = JINA.DodleDodleTests;
				PRODUCT_NAME = "$(TARGET_NAME)";
				SWIFT_VERSION = 5.0;
				TARGETED_DEVICE_FAMILY = "1,2";
				TEST_HOST = "$(BUILT_PRODUCTS_DIR)/DodleDodle.app/DodleDodle";
			};
			name = Release;
		};
		3CE797D027B782B6000BD9D5 /* Debug */ = {
			isa = XCBuildConfiguration;
			baseConfigurationReference = 9F01FBDFC6A3A85CBEC5130A /* Pods-DodleDodle-DodleDodleUITests.debug.xcconfig */;
			buildSettings = {
				ALWAYS_EMBED_SWIFT_STANDARD_LIBRARIES = YES;
				CODE_SIGN_STYLE = Automatic;
				DEVELOPMENT_TEAM = GQF9DRKKG2;
				INFOPLIST_FILE = DodleDodleUITests/Info.plist;
				LD_RUNPATH_SEARCH_PATHS = (
					"$(inherited)",
					"@executable_path/Frameworks",
					"@loader_path/Frameworks",
				);
				PRODUCT_BUNDLE_IDENTIFIER = JINA.DodleDodleUITests;
				PRODUCT_NAME = "$(TARGET_NAME)";
				SWIFT_VERSION = 5.0;
				TARGETED_DEVICE_FAMILY = "1,2";
				TEST_TARGET_NAME = DodleDodle;
			};
			name = Debug;
		};
		3CE797D127B782B6000BD9D5 /* Release */ = {
			isa = XCBuildConfiguration;
			baseConfigurationReference = D26B317367B9C4B7CBE996C3 /* Pods-DodleDodle-DodleDodleUITests.release.xcconfig */;
			buildSettings = {
				ALWAYS_EMBED_SWIFT_STANDARD_LIBRARIES = YES;
				CODE_SIGN_STYLE = Automatic;
				DEVELOPMENT_TEAM = GQF9DRKKG2;
				INFOPLIST_FILE = DodleDodleUITests/Info.plist;
				LD_RUNPATH_SEARCH_PATHS = (
					"$(inherited)",
					"@executable_path/Frameworks",
					"@loader_path/Frameworks",
				);
				PRODUCT_BUNDLE_IDENTIFIER = JINA.DodleDodleUITests;
				PRODUCT_NAME = "$(TARGET_NAME)";
				SWIFT_VERSION = 5.0;
				TARGETED_DEVICE_FAMILY = "1,2";
				TEST_TARGET_NAME = DodleDodle;
			};
			name = Release;
		};
/* End XCBuildConfiguration section */

/* Begin XCConfigurationList section */
		3CE7979A27B782A8000BD9D5 /* Build configuration list for PBXProject "DodleDodle" */ = {
			isa = XCConfigurationList;
			buildConfigurations = (
				3CE797C727B782B6000BD9D5 /* Debug */,
				3CE797C827B782B6000BD9D5 /* Release */,
			);
			defaultConfigurationIsVisible = 0;
			defaultConfigurationName = Release;
		};
		3CE797C927B782B6000BD9D5 /* Build configuration list for PBXNativeTarget "DodleDodle" */ = {
			isa = XCConfigurationList;
			buildConfigurations = (
				3CE797CA27B782B6000BD9D5 /* Debug */,
				3CE797CB27B782B6000BD9D5 /* Release */,
			);
			defaultConfigurationIsVisible = 0;
			defaultConfigurationName = Release;
		};
		3CE797CC27B782B6000BD9D5 /* Build configuration list for PBXNativeTarget "DodleDodleTests" */ = {
			isa = XCConfigurationList;
			buildConfigurations = (
				3CE797CD27B782B6000BD9D5 /* Debug */,
				3CE797CE27B782B6000BD9D5 /* Release */,
			);
			defaultConfigurationIsVisible = 0;
			defaultConfigurationName = Release;
		};
		3CE797CF27B782B6000BD9D5 /* Build configuration list for PBXNativeTarget "DodleDodleUITests" */ = {
			isa = XCConfigurationList;
			buildConfigurations = (
				3CE797D027B782B6000BD9D5 /* Debug */,
				3CE797D127B782B6000BD9D5 /* Release */,
			);
			defaultConfigurationIsVisible = 0;
			defaultConfigurationName = Release;
		};
/* End XCConfigurationList section */
	};
	rootObject = 3CE7979727B782A8000BD9D5 /* Project object */;
}
